
Microsoft Visual Studio Solution File, Format Version 12.00
# Visual Studio Version 16
VisualStudioVersion = 16.0.30011.22
MinimumVisualStudioVersion = 10.0.40219.1
Project("{9A19103F-16F7-4668-BE54-9A1E7A4F7556}") = "Dflat", "Dflat.csproj", "{1CEF487A-729B-4026-B281-65D199B17F74}"
EndProject
Project("{FAE04EC0-301F-11D3-BF4B-00C04F79EFBC}") = "DflatTests", "..\DflatTests\DflatTests.csproj", "{1D3782A6-62B9-43A5-81AC-A0A373706928}"
EndProject
Global
	GlobalSection(SolutionConfigurationPlatforms) = preSolution
		Debug|Any CPU = Debug|Any CPU
		Release|Any CPU = Release|Any CPU
	EndGlobalSection
	GlobalSection(ProjectConfigurationPlatforms) = postSolution
		{1CEF487A-729B-4026-B281-65D199B17F74}.Debug|Any CPU.ActiveCfg = Debug|Any CPU
		{1CEF487A-729B-4026-B281-65D199B17F74}.Debug|Any CPU.Build.0 = Debug|Any CPU
		{1CEF487A-729B-4026-B281-65D199B17F74}.Release|Any CPU.ActiveCfg = Release|Any CPU
		{1CEF487A-729B-4026-B281-65D199B17F74}.Release|Any CPU.Build.0 = Release|Any CPU
		{1D3782A6-62B9-43A5-81AC-A0A373706928}.Debug|Any CPU.ActiveCfg = Debug|Any CPU
		{1D3782A6-62B9-43A5-81AC-A0A373706928}.Debug|Any CPU.Build.0 = Debug|Any CPU
		{1D3782A6-62B9-43A5-81AC-A0A373706928}.Release|Any CPU.ActiveCfg = Release|Any CPU
		{1D3782A6-62B9-43A5-81AC-A0A373706928}.Release|Any CPU.Build.0 = Release|Any CPU
	EndGlobalSection
	GlobalSection(SolutionProperties) = preSolution
		HideSolutionNode = FALSE
	EndGlobalSection
	GlobalSection(ExtensibilityGlobals) = postSolution
		SolutionGuid = {314C6C18-C401-4899-91F0-9CD50EAD806B}
	EndGlobalSection
EndGlobal
